// !$*UTF8*$!
{
	archiveVersion = 1;
	classes = {
	};
	objectVersion = 56;
	objects = {

/* Begin PBXBuildFile section */
		E6BF12642A8C00BB00132EC3 /* Travelynx Status.app in Embed Watch Content */ = {isa = PBXBuildFile; fileRef = E6BF12632A8C00BB00132EC3 /* Travelynx Status.app */; settings = {ATTRIBUTES = (RemoveHeadersOnCopy, ); }; };
		E6BF12692A8C00BB00132EC3 /* TravelynxStatusApp.swift in Sources */ = {isa = PBXBuildFile; fileRef = E6BF12682A8C00BB00132EC3 /* TravelynxStatusApp.swift */; };
		E6BF126B2A8C00BB00132EC3 /* ContentView.swift in Sources */ = {isa = PBXBuildFile; fileRef = E6BF126A2A8C00BB00132EC3 /* ContentView.swift */; };
		E6BF126D2A8C00BC00132EC3 /* Assets.xcassets in Resources */ = {isa = PBXBuildFile; fileRef = E6BF126C2A8C00BC00132EC3 /* Assets.xcassets */; };
/* End PBXBuildFile section */

/* Begin PBXContainerItemProxy section */
		E6BF12652A8C00BB00132EC3 /* PBXContainerItemProxy */ = {
			isa = PBXContainerItemProxy;
			containerPortal = E6BF12572A8C00BB00132EC3 /* Project object */;
			proxyType = 1;
			remoteGlobalIDString = E6BF12622A8C00BB00132EC3;
			remoteInfo = "TravelynxStatus Watch App";
		};
/* End PBXContainerItemProxy section */

/* Begin PBXCopyFilesBuildPhase section */
		E6BF128C2A8C00BC00132EC3 /* Embed Watch Content */ = {
			isa = PBXCopyFilesBuildPhase;
			buildActionMask = 2147483647;
			dstPath = "$(CONTENTS_FOLDER_PATH)/Watch";
			dstSubfolderSpec = 16;
			files = (
				E6BF12642A8C00BB00132EC3 /* Travelynx Status.app in Embed Watch Content */,
			);
			name = "Embed Watch Content";
			runOnlyForDeploymentPostprocessing = 0;
		};
/* End PBXCopyFilesBuildPhase section */

/* Begin PBXFileReference section */
		E6BF125D2A8C00BB00132EC3 /* TravelynxStatus.app */ = {isa = PBXFileReference; explicitFileType = wrapper.application; includeInIndex = 0; path = TravelynxStatus.app; sourceTree = BUILT_PRODUCTS_DIR; };
		E6BF12632A8C00BB00132EC3 /* Travelynx Status.app */ = {isa = PBXFileReference; explicitFileType = wrapper.application; includeInIndex = 0; path = "Travelynx Status.app"; sourceTree = BUILT_PRODUCTS_DIR; };
		E6BF12682A8C00BB00132EC3 /* TravelynxStatusApp.swift */ = {isa = PBXFileReference; lastKnownFileType = sourcecode.swift; path = TravelynxStatusApp.swift; sourceTree = "<group>"; };
		E6BF126A2A8C00BB00132EC3 /* ContentView.swift */ = {isa = PBXFileReference; lastKnownFileType = sourcecode.swift; path = ContentView.swift; sourceTree = "<group>"; };
		E6BF126C2A8C00BC00132EC3 /* Assets.xcassets */ = {isa = PBXFileReference; lastKnownFileType = folder.assetcatalog; path = Assets.xcassets; sourceTree = "<group>"; };
/* End PBXFileReference section */

/* Begin PBXFrameworksBuildPhase section */
		E6BF12602A8C00BB00132EC3 /* Frameworks */ = {
			isa = PBXFrameworksBuildPhase;
			buildActionMask = 2147483647;
			files = (
			);
			runOnlyForDeploymentPostprocessing = 0;
		};
/* End PBXFrameworksBuildPhase section */

/* Begin PBXGroup section */
		E6BF12562A8C00BB00132EC3 = {
			isa = PBXGroup;
			children = (
				E6BF12672A8C00BB00132EC3 /* TravelynxStatus Watch App */,
				E6BF125E2A8C00BB00132EC3 /* Products */,
			);
			sourceTree = "<group>";
		};
		E6BF125E2A8C00BB00132EC3 /* Products */ = {
			isa = PBXGroup;
			children = (
				E6BF125D2A8C00BB00132EC3 /* TravelynxStatus.app */,
				E6BF12632A8C00BB00132EC3 /* Travelynx Status.app */,
			);
			name = Products;
			sourceTree = "<group>";
		};
		E6BF12672A8C00BB00132EC3 /* TravelynxStatus Watch App */ = {
			isa = PBXGroup;
			children = (
				E6BF12682A8C00BB00132EC3 /* TravelynxStatusApp.swift */,
				E6BF126A2A8C00BB00132EC3 /* ContentView.swift */,
				E6BF126C2A8C00BC00132EC3 /* Assets.xcassets */,
			);
			path = "TravelynxStatus Watch App";
			sourceTree = "<group>";
		};
/* End PBXGroup section */

/* Begin PBXNativeTarget section */
		E6BF125C2A8C00BB00132EC3 /* TravelynxStatus */ = {
			isa = PBXNativeTarget;
			buildConfigurationList = E6BF128D2A8C00BC00132EC3 /* Build configuration list for PBXNativeTarget "TravelynxStatus" */;
			buildPhases = (
				E6BF125B2A8C00BB00132EC3 /* Resources */,
				E6BF128C2A8C00BC00132EC3 /* Embed Watch Content */,
			);
			buildRules = (
			);
			dependencies = (
				E6BF12662A8C00BB00132EC3 /* PBXTargetDependency */,
			);
			name = TravelynxStatus;
			productName = TravelynxStatus;
			productReference = E6BF125D2A8C00BB00132EC3 /* TravelynxStatus.app */;
			productType = "com.apple.product-type.application.watchapp2-container";
		};
		E6BF12622A8C00BB00132EC3 /* TravelynxStatus Watch App */ = {
			isa = PBXNativeTarget;
			buildConfigurationList = E6BF12892A8C00BC00132EC3 /* Build configuration list for PBXNativeTarget "TravelynxStatus Watch App" */;
			buildPhases = (
				E6BF125F2A8C00BB00132EC3 /* Sources */,
				E6BF12602A8C00BB00132EC3 /* Frameworks */,
				E6BF12612A8C00BB00132EC3 /* Resources */,
			);
			buildRules = (
			);
			dependencies = (
			);
			name = "TravelynxStatus Watch App";
			productName = "TravelynxStatus Watch App";
			productReference = E6BF12632A8C00BB00132EC3 /* Travelynx Status.app */;
			productType = "com.apple.product-type.application";
		};
/* End PBXNativeTarget section */

/* Begin PBXProject section */
		E6BF12572A8C00BB00132EC3 /* Project object */ = {
			isa = PBXProject;
			attributes = {
				BuildIndependentTargetsInParallel = 1;
				LastSwiftUpdateCheck = 1430;
				LastUpgradeCheck = 1430;
				TargetAttributes = {
					E6BF125C2A8C00BB00132EC3 = {
						CreatedOnToolsVersion = 14.3.1;
					};
					E6BF12622A8C00BB00132EC3 = {
						CreatedOnToolsVersion = 14.3.1;
					};
				};
			};
			buildConfigurationList = E6BF125A2A8C00BB00132EC3 /* Build configuration list for PBXProject "TravelynxStatus" */;
			compatibilityVersion = "Xcode 14.0";
			developmentRegion = en;
			hasScannedForEncodings = 0;
			knownRegions = (
				en,
				Base,
			);
			mainGroup = E6BF12562A8C00BB00132EC3;
			productRefGroup = E6BF125E2A8C00BB00132EC3 /* Products */;
			projectDirPath = "";
			projectRoot = "";
			targets = (
				E6BF125C2A8C00BB00132EC3 /* TravelynxStatus */,
				E6BF12622A8C00BB00132EC3 /* TravelynxStatus Watch App */,
			);
		};
/* End PBXProject section */

/* Begin PBXResourcesBuildPhase section */
		E6BF125B2A8C00BB00132EC3 /* Resources */ = {
			isa = PBXResourcesBuildPhase;
			buildActionMask = 2147483647;
			files = (
			);
			runOnlyForDeploymentPostprocessing = 0;
		};
		E6BF12612A8C00BB00132EC3 /* Resources */ = {
			isa = PBXResourcesBuildPhase;
			buildActionMask = 2147483647;
			files = (
				E6BF126D2A8C00BC00132EC3 /* Assets.xcassets in Resources */,
			);
			runOnlyForDeploymentPostprocessing = 0;
		};
/* End PBXResourcesBuildPhase section */

/* Begin PBXSourcesBuildPhase section */
		E6BF125F2A8C00BB00132EC3 /* Sources */ = {
			isa = PBXSourcesBuildPhase;
			buildActionMask = 2147483647;
			files = (
				E6BF126B2A8C00BB00132EC3 /* ContentView.swift in Sources */,
				E6BF12692A8C00BB00132EC3 /* TravelynxStatusApp.swift in Sources */,
			);
			runOnlyForDeploymentPostprocessing = 0;
		};
/* End PBXSourcesBuildPhase section */

/* Begin PBXTargetDependency section */
		E6BF12662A8C00BB00132EC3 /* PBXTargetDependency */ = {
			isa = PBXTargetDependency;
			target = E6BF12622A8C00BB00132EC3 /* TravelynxStatus Watch App */;
			targetProxy = E6BF12652A8C00BB00132EC3 /* PBXContainerItemProxy */;
		};
/* End PBXTargetDependency section */

/* Begin XCBuildConfiguration section */
		E6BF12872A8C00BC00132EC3 /* Debug */ = {
			isa = XCBuildConfiguration;
			buildSettings = {
				ALWAYS_SEARCH_USER_PATHS = NO;
				CLANG_ANALYZER_NONNULL = YES;
				CLANG_ANALYZER_NUMBER_OBJECT_CONVERSION = YES_AGGRESSIVE;
				CLANG_CXX_LANGUAGE_STANDARD = "gnu++20";
				CLANG_ENABLE_MODULES = YES;
				CLANG_ENABLE_OBJC_ARC = YES;
				CLANG_ENABLE_OBJC_WEAK = YES;
				CLANG_WARN_BLOCK_CAPTURE_AUTORELEASING = YES;
				CLANG_WARN_BOOL_CONVERSION = YES;
				CLANG_WARN_COMMA = YES;
				CLANG_WARN_CONSTANT_CONVERSION = YES;
				CLANG_WARN_DEPRECATED_OBJC_IMPLEMENTATIONS = YES;
				CLANG_WARN_DIRECT_OBJC_ISA_USAGE = YES_ERROR;
				CLANG_WARN_DOCUMENTATION_COMMENTS = YES;
				CLANG_WARN_EMPTY_BODY = YES;
				CLANG_WARN_ENUM_CONVERSION = YES;
				CLANG_WARN_INFINITE_RECURSION = YES;
				CLANG_WARN_INT_CONVERSION = YES;
				CLANG_WARN_NON_LITERAL_NULL_CONVERSION = YES;
				CLANG_WARN_OBJC_IMPLICIT_RETAIN_SELF = YES;
				CLANG_WARN_OBJC_LITERAL_CONVERSION = YES;
				CLANG_WARN_OBJC_ROOT_CLASS = YES_ERROR;
				CLANG_WARN_QUOTED_INCLUDE_IN_FRAMEWORK_HEADER = YES;
				CLANG_WARN_RANGE_LOOP_ANALYSIS = YES;
				CLANG_WARN_STRICT_PROTOTYPES = YES;
				CLANG_WARN_SUSPICIOUS_MOVE = YES;
				CLANG_WARN_UNGUARDED_AVAILABILITY = YES_AGGRESSIVE;
				CLANG_WARN_UNREACHABLE_CODE = YES;
				CLANG_WARN__DUPLICATE_METHOD_MATCH = YES;
				COPY_PHASE_STRIP = NO;
				DEBUG_INFORMATION_FORMAT = dwarf;
				ENABLE_STRICT_OBJC_MSGSEND = YES;
				ENABLE_TESTABILITY = YES;
				GCC_C_LANGUAGE_STANDARD = gnu11;
				GCC_DYNAMIC_NO_PIC = NO;
				GCC_NO_COMMON_BLOCKS = YES;
				GCC_OPTIMIZATION_LEVEL = 0;
				GCC_PREPROCESSOR_DEFINITIONS = (
					"DEBUG=1",
					"$(inherited)",
				);
				GCC_WARN_64_TO_32_BIT_CONVERSION = YES;
				GCC_WARN_ABOUT_RETURN_TYPE = YES_ERROR;
				GCC_WARN_UNDECLARED_SELECTOR = YES;
				GCC_WARN_UNINITIALIZED_AUTOS = YES_AGGRESSIVE;
				GCC_WARN_UNUSED_FUNCTION = YES;
				GCC_WARN_UNUSED_VARIABLE = YES;
				MTL_ENABLE_DEBUG_INFO = INCLUDE_SOURCE;
				MTL_FAST_MATH = YES;
				ONLY_ACTIVE_ARCH = YES;
				SWIFT_ACTIVE_COMPILATION_CONDITIONS = DEBUG;
				SWIFT_OPTIMIZATION_LEVEL = "-Onone";
				WATCHOS_DEPLOYMENT_TARGET = 9.4;
			};
			name = Debug;
		};
		E6BF12882A8C00BC00132EC3 /* Release */ = {
			isa = XCBuildConfiguration;
			buildSettings = {
				ALWAYS_SEARCH_USER_PATHS = NO;
				CLANG_ANALYZER_NONNULL = YES;
				CLANG_ANALYZER_NUMBER_OBJECT_CONVERSION = YES_AGGRESSIVE;
				CLANG_CXX_LANGUAGE_STANDARD = "gnu++20";
				CLANG_ENABLE_MODULES = YES;
				CLANG_ENABLE_OBJC_ARC = YES;
				CLANG_ENABLE_OBJC_WEAK = YES;
				CLANG_WARN_BLOCK_CAPTURE_AUTORELEASING = YES;
				CLANG_WARN_BOOL_CONVERSION = YES;
				CLANG_WARN_COMMA = YES;
				CLANG_WARN_CONSTANT_CONVERSION = YES;
				CLANG_WARN_DEPRECATED_OBJC_IMPLEMENTATIONS = YES;
				CLANG_WARN_DIRECT_OBJC_ISA_USAGE = YES_ERROR;
				CLANG_WARN_DOCUMENTATION_COMMENTS = YES;
				CLANG_WARN_EMPTY_BODY = YES;
				CLANG_WARN_ENUM_CONVERSION = YES;
				CLANG_WARN_INFINITE_RECURSION = YES;
				CLANG_WARN_INT_CONVERSION = YES;
				CLANG_WARN_NON_LITERAL_NULL_CONVERSION = YES;
				CLANG_WARN_OBJC_IMPLICIT_RETAIN_SELF = YES;
				CLANG_WARN_OBJC_LITERAL_CONVERSION = YES;
				CLANG_WARN_OBJC_ROOT_CLASS = YES_ERROR;
				CLANG_WARN_QUOTED_INCLUDE_IN_FRAMEWORK_HEADER = YES;
				CLANG_WARN_RANGE_LOOP_ANALYSIS = YES;
				CLANG_WARN_STRICT_PROTOTYPES = YES;
				CLANG_WARN_SUSPICIOUS_MOVE = YES;
				CLANG_WARN_UNGUARDED_AVAILABILITY = YES_AGGRESSIVE;
				CLANG_WARN_UNREACHABLE_CODE = YES;
				CLANG_WARN__DUPLICATE_METHOD_MATCH = YES;
				COPY_PHASE_STRIP = NO;
				DEBUG_INFORMATION_FORMAT = "dwarf-with-dsym";
				ENABLE_NS_ASSERTIONS = NO;
				ENABLE_STRICT_OBJC_MSGSEND = YES;
				GCC_C_LANGUAGE_STANDARD = gnu11;
				GCC_NO_COMMON_BLOCKS = YES;
				GCC_WARN_64_TO_32_BIT_CONVERSION = YES;
				GCC_WARN_ABOUT_RETURN_TYPE = YES_ERROR;
				GCC_WARN_UNDECLARED_SELECTOR = YES;
				GCC_WARN_UNINITIALIZED_AUTOS = YES_AGGRESSIVE;
				GCC_WARN_UNUSED_FUNCTION = YES;
				GCC_WARN_UNUSED_VARIABLE = YES;
				MTL_ENABLE_DEBUG_INFO = NO;
				MTL_FAST_MATH = YES;
				SWIFT_COMPILATION_MODE = wholemodule;
				SWIFT_OPTIMIZATION_LEVEL = "-O";
				WATCHOS_DEPLOYMENT_TARGET = 9.4;
			};
			name = Release;
		};
		E6BF128A2A8C00BC00132EC3 /* Debug */ = {
			isa = XCBuildConfiguration;
			buildSettings = {
				ASSETCATALOG_COMPILER_APPICON_NAME = AppIcon;
				ASSETCATALOG_COMPILER_GLOBAL_ACCENT_COLOR_NAME = AccentColor;
				CODE_SIGN_STYLE = Automatic;
				CURRENT_PROJECT_VERSION = 1;
				DEVELOPMENT_ASSET_PATHS = "\"TravelynxStatus Watch App/Preview Content\"";
				DEVELOPMENT_TEAM = CSZFVLPCD9;
				ENABLE_PREVIEWS = YES;
				GENERATE_INFOPLIST_FILE = YES;
				INFOPLIST_FILE = "TravelynxStatus-Watch-App-Info.plist";
				INFOPLIST_KEY_CFBundleDisplayName = "Travelynx Status";
				INFOPLIST_KEY_UISupportedInterfaceOrientations = "UIInterfaceOrientationPortrait UIInterfaceOrientationPortraitUpsideDown";
				INFOPLIST_KEY_WKWatchOnly = YES;
				LD_RUNPATH_SEARCH_PATHS = (
					"$(inherited)",
					"@executable_path/Frameworks",
				);
				MARKETING_VERSION = 1.0;
				PRODUCT_BUNDLE_IDENTIFIER = me.1lola.TravelynxStatus.watchkitapp;
				PRODUCT_NAME = "Travelynx Status";
				SDKROOT = watchos;
				SKIP_INSTALL = YES;
				SWIFT_EMIT_LOC_STRINGS = YES;
				SWIFT_VERSION = 5.0;
				TARGETED_DEVICE_FAMILY = 4;
				WATCHOS_DEPLOYMENT_TARGET = 9.4;
			};
			name = Debug;
		};
		E6BF128B2A8C00BC00132EC3 /* Release */ = {
			isa = XCBuildConfiguration;
			buildSettings = {
				ASSETCATALOG_COMPILER_APPICON_NAME = AppIcon;
				ASSETCATALOG_COMPILER_GLOBAL_ACCENT_COLOR_NAME = AccentColor;
				CODE_SIGN_STYLE = Automatic;
				CURRENT_PROJECT_VERSION = 1;
				DEVELOPMENT_ASSET_PATHS = "\"TravelynxStatus Watch App/Preview Content\"";
				DEVELOPMENT_TEAM = CSZFVLPCD9;
				ENABLE_PREVIEWS = YES;
				GENERATE_INFOPLIST_FILE = YES;
				INFOPLIST_FILE = "TravelynxStatus-Watch-App-Info.plist";
				INFOPLIST_KEY_CFBundleDisplayName = "Travelynx Status";
				INFOPLIST_KEY_UISupportedInterfaceOrientations = "UIInterfaceOrientationPortrait UIInterfaceOrientationPortraitUpsideDown";
				INFOPLIST_KEY_WKWatchOnly = YES;
				LD_RUNPATH_SEARCH_PATHS = (
					"$(inherited)",
					"@executable_path/Frameworks",
				);
				MARKETING_VERSION = 1.0;
				PRODUCT_BUNDLE_IDENTIFIER = me.1lola.TravelynxStatus.watchkitapp;
				PRODUCT_NAME = "Travelynx Status";
				SDKROOT = watchos;
				SKIP_INSTALL = YES;
				SWIFT_EMIT_LOC_STRINGS = YES;
				SWIFT_VERSION = 5.0;
				TARGETED_DEVICE_FAMILY = 4;
				VALIDATE_PRODUCT = YES;
				WATCHOS_DEPLOYMENT_TARGET = 9.4;
			};
			name = Release;
		};
		E6BF128E2A8C00BC00132EC3 /* Debug */ = {
			isa = XCBuildConfiguration;
			buildSettings = {
				ALWAYS_EMBED_SWIFT_STANDARD_LIBRARIES = YES;
				CODE_SIGN_STYLE = Automatic;
				CURRENT_PROJECT_VERSION = 1;
				DEVELOPMENT_TEAM = CSZFVLPCD9;
				INFOPLIST_KEY_CFBundleDisplayName = TravelynxStatus;
				MARKETING_VERSION = 1.0;
				PRODUCT_BUNDLE_IDENTIFIER = me.1lola.TravelynxStatus;
				PRODUCT_NAME = "$(TARGET_NAME)";
				SDKROOT = iphoneos;
				SWIFT_VERSION = 5.0;
			};
			name = Debug;
		};
		E6BF128F2A8C00BC00132EC3 /* Release */ = {
			isa = XCBuildConfiguration;
			buildSettings = {
				ALWAYS_EMBED_SWIFT_STANDARD_LIBRARIES = YES;
				CODE_SIGN_STYLE = Automatic;
				CURRENT_PROJECT_VERSION = 1;
				DEVELOPMENT_TEAM = CSZFVLPCD9;
				INFOPLIST_KEY_CFBundleDisplayName = TravelynxStatus;
				MARKETING_VERSION = 1.0;
				PRODUCT_BUNDLE_IDENTIFIER = me.1lola.TravelynxStatus;
				PRODUCT_NAME = "$(TARGET_NAME)";
				SDKROOT = iphoneos;
				SWIFT_VERSION = 5.0;
				VALIDATE_PRODUCT = YES;
			};
			name = Release;
		};
/* End XCBuildConfiguration section */

/* Begin XCConfigurationList section */
		E6BF125A2A8C00BB00132EC3 /* Build configuration list for PBXProject "TravelynxStatus" */ = {
			isa = XCConfigurationList;
			buildConfigurations = (
				E6BF12872A8C00BC00132EC3 /* Debug */,
				E6BF12882A8C00BC00132EC3 /* Release */,
			);
			defaultConfigurationIsVisible = 0;
			defaultConfigurationName = Release;
		};
		E6BF12892A8C00BC00132EC3 /* Build configuration list for PBXNativeTarget "TravelynxStatus Watch App" */ = {
			isa = XCConfigurationList;
			buildConfigurations = (
				E6BF128A2A8C00BC00132EC3 /* Debug */,
				E6BF128B2A8C00BC00132EC3 /* Release */,
			);
			defaultConfigurationIsVisible = 0;
			defaultConfigurationName = Release;
		};
		E6BF128D2A8C00BC00132EC3 /* Build configuration list for PBXNativeTarget "TravelynxStatus" */ = {
			isa = XCConfigurationList;
			buildConfigurations = (
				E6BF128E2A8C00BC00132EC3 /* Debug */,
				E6BF128F2A8C00BC00132EC3 /* Release */,
			);
			defaultConfigurationIsVisible = 0;
			defaultConfigurationName = Release;
		};
/* End XCConfigurationList section */
	};
	rootObject = E6BF12572A8C00BB00132EC3 /* Project object */;
}
